// !$*UTF8*$!
{
	archiveVersion = 1;
	classes = {
	};
	objectVersion = 46;
	objects = {

/* Begin PBXBuildFile section */
		071ED1F91E63FA4B005ADE44 /* EditInfoView.swift in Sources */ = {isa = PBXBuildFile; fileRef = 071ED1F81E63FA4B005ADE44 /* EditInfoView.swift */; };
		071ED2011E64F6F7005ADE44 /* SearchViewController.swift in Sources */ = {isa = PBXBuildFile; fileRef = 071ED2001E64F6F7005ADE44 /* SearchViewController.swift */; };
		0735A3C91E489045006CB4C4 /* SettingViewController.swift in Sources */ = {isa = PBXBuildFile; fileRef = 0735A3C81E489045006CB4C4 /* SettingViewController.swift */; };
		0735A3CB1E489CA3006CB4C4 /* SettingSectionView.swift in Sources */ = {isa = PBXBuildFile; fileRef = 0735A3CA1E489CA3006CB4C4 /* SettingSectionView.swift */; };
		07BD127F1E1682F300377C7A /* Main.storyboard in Resources */ = {isa = PBXBuildFile; fileRef = 07BD127D1E1682F300377C7A /* Main.storyboard */; };
		07BD12811E1682F300377C7A /* Assets.xcassets in Resources */ = {isa = PBXBuildFile; fileRef = 07BD12801E1682F300377C7A /* Assets.xcassets */; };
		07BD12841E1682F300377C7A /* LaunchScreen.storyboard in Resources */ = {isa = PBXBuildFile; fileRef = 07BD12821E1682F300377C7A /* LaunchScreen.storyboard */; };
		07BD128F1E1682F300377C7A /* NetEastagramTests.swift in Sources */ = {isa = PBXBuildFile; fileRef = 07BD128E1E1682F300377C7A /* NetEastagramTests.swift */; };
		07BD129A1E1682F300377C7A /* NetEastagramUITests.swift in Sources */ = {isa = PBXBuildFile; fileRef = 07BD12991E1682F300377C7A /* NetEastagramUITests.swift */; };
		07C59FB31E178C2600A44F97 /* AppDelegate.swift in Sources */ = {isa = PBXBuildFile; fileRef = 07C59FB11E178C2600A44F97 /* AppDelegate.swift */; };
		07C59FB41E178C2600A44F97 /* ViewController.swift in Sources */ = {isa = PBXBuildFile; fileRef = 07C59FB21E178C2600A44F97 /* ViewController.swift */; };
		07E08E691E419875001DEC23 /* MainTabBarViewController.swift in Sources */ = {isa = PBXBuildFile; fileRef = 07E08E681E419875001DEC23 /* MainTabBarViewController.swift */; };
		07E472E11E5D912A003AB89A /* FeedBackViewController.swift in Sources */ = {isa = PBXBuildFile; fileRef = 07E472E01E5D912A003AB89A /* FeedBackViewController.swift */; };
		07E472E61E630542003AB89A /* ShootViewController.swift in Sources */ = {isa = PBXBuildFile; fileRef = 07E472E51E630542003AB89A /* ShootViewController.swift */; };
		07E472E81E630567003AB89A /* ImageTopLabelBottomButton.swift in Sources */ = {isa = PBXBuildFile; fileRef = 07E472E71E630567003AB89A /* ImageTopLabelBottomButton.swift */; };
		07E472EA1E63CEC0003AB89A /* EditViewController.swift in Sources */ = {isa = PBXBuildFile; fileRef = 07E472E91E63CEC0003AB89A /* EditViewController.swift */; };
		07F4DD951E41A72A00B0C98D /* HomeViewController.swift in Sources */ = {isa = PBXBuildFile; fileRef = 07F4DD941E41A72A00B0C98D /* HomeViewController.swift */; };
		07F4DD9D1E4423CC00B0C98D /* BaseViewController.swift in Sources */ = {isa = PBXBuildFile; fileRef = 07F4DD9C1E4423CC00B0C98D /* BaseViewController.swift */; };
		07F4DDA11E45C19B00B0C98D /* Constants.swift in Sources */ = {isa = PBXBuildFile; fileRef = 07F4DDA01E45C19B00B0C98D /* Constants.swift */; };
		07F4DDA61E46E53C00B0C98D /* UserViewController.swift in Sources */ = {isa = PBXBuildFile; fileRef = 07F4DDA51E46E53C00B0C98D /* UserViewController.swift */; };
		07F4DDA81E46EC4400B0C98D /* UserHeaderView.swift in Sources */ = {isa = PBXBuildFile; fileRef = 07F4DDA71E46EC4400B0C98D /* UserHeaderView.swift */; };
		07F4DDAC1E47037500B0C98D /* Extension.swift in Sources */ = {isa = PBXBuildFile; fileRef = 07F4DDAB1E47037500B0C98D /* Extension.swift */; };
		07F4DDB01E47118A00B0C98D /* UserTableViewCell.xib in Resources */ = {isa = PBXBuildFile; fileRef = 07F4DDAF1E47118A00B0C98D /* UserTableViewCell.xib */; };
		07F4DDB21E4711FA00B0C98D /* UserTableViewCell.swift in Sources */ = {isa = PBXBuildFile; fileRef = 07F4DDB11E4711FA00B0C98D /* UserTableViewCell.swift */; };
		DA8071CCBDEA29678B2471C4 /* Pods_NetEastagram.framework in Frameworks */ = {isa = PBXBuildFile; fileRef = 5EF645304CAA0E6AA057DD23 /* Pods_NetEastagram.framework */; };
/* End PBXBuildFile section */

/* Begin PBXContainerItemProxy section */
		07BD128B1E1682F300377C7A /* PBXContainerItemProxy */ = {
			isa = PBXContainerItemProxy;
			containerPortal = 07BD126E1E1682F300377C7A /* Project object */;
			proxyType = 1;
			remoteGlobalIDString = 07BD12751E1682F300377C7A;
			remoteInfo = NetEastagram;
		};
		07BD12961E1682F300377C7A /* PBXContainerItemProxy */ = {
			isa = PBXContainerItemProxy;
			containerPortal = 07BD126E1E1682F300377C7A /* Project object */;
			proxyType = 1;
			remoteGlobalIDString = 07BD12751E1682F300377C7A;
			remoteInfo = NetEastagram;
		};
/* End PBXContainerItemProxy section */

/* Begin PBXFileReference section */
		02236EC5D20EE72992486D84 /* Pods-NetEastagram.release.xcconfig */ = {isa = PBXFileReference; includeInIndex = 1; lastKnownFileType = text.xcconfig; name = "Pods-NetEastagram.release.xcconfig"; path = "Pods/Target Support Files/Pods-NetEastagram/Pods-NetEastagram.release.xcconfig"; sourceTree = "<group>"; };
		071ED1F81E63FA4B005ADE44 /* EditInfoView.swift */ = {isa = PBXFileReference; fileEncoding = 4; lastKnownFileType = sourcecode.swift; name = EditInfoView.swift; path = Business/Shoot/View/EditInfoView.swift; sourceTree = "<group>"; };
		071ED2001E64F6F7005ADE44 /* SearchViewController.swift */ = {isa = PBXFileReference; fileEncoding = 4; lastKnownFileType = sourcecode.swift; name = SearchViewController.swift; path = Business/Search/Controller/SearchViewController.swift; sourceTree = "<group>"; };
		0735A3C81E489045006CB4C4 /* SettingViewController.swift */ = {isa = PBXFileReference; fileEncoding = 4; lastKnownFileType = sourcecode.swift; name = SettingViewController.swift; path = Business/User/Controller/SettingViewController.swift; sourceTree = "<group>"; };
		0735A3CA1E489CA3006CB4C4 /* SettingSectionView.swift */ = {isa = PBXFileReference; fileEncoding = 4; lastKnownFileType = sourcecode.swift; name = SettingSectionView.swift; path = Business/User/View/SettingSectionView.swift; sourceTree = "<group>"; };
		07BD12761E1682F300377C7A /* NetEastagram.app */ = {isa = PBXFileReference; explicitFileType = wrapper.application; includeInIndex = 0; path = NetEastagram.app; sourceTree = BUILT_PRODUCTS_DIR; };
		07BD127E1E1682F300377C7A /* Base */ = {isa = PBXFileReference; lastKnownFileType = file.storyboard; name = Base; path = Base.lproj/Main.storyboard; sourceTree = "<group>"; };
		07BD12801E1682F300377C7A /* Assets.xcassets */ = {isa = PBXFileReference; lastKnownFileType = folder.assetcatalog; path = Assets.xcassets; sourceTree = "<group>"; };
		07BD12831E1682F300377C7A /* Base */ = {isa = PBXFileReference; lastKnownFileType = file.storyboard; name = Base; path = Base.lproj/LaunchScreen.storyboard; sourceTree = "<group>"; };
		07BD12851E1682F300377C7A /* Info.plist */ = {isa = PBXFileReference; lastKnownFileType = text.plist.xml; path = Info.plist; sourceTree = "<group>"; };
		07BD128A1E1682F300377C7A /* NetEastagramTests.xctest */ = {isa = PBXFileReference; explicitFileType = wrapper.cfbundle; includeInIndex = 0; path = NetEastagramTests.xctest; sourceTree = BUILT_PRODUCTS_DIR; };
		07BD128E1E1682F300377C7A /* NetEastagramTests.swift */ = {isa = PBXFileReference; lastKnownFileType = sourcecode.swift; path = NetEastagramTests.swift; sourceTree = "<group>"; };
		07BD12901E1682F300377C7A /* Info.plist */ = {isa = PBXFileReference; lastKnownFileType = text.plist.xml; path = Info.plist; sourceTree = "<group>"; };
		07BD12951E1682F300377C7A /* NetEastagramUITests.xctest */ = {isa = PBXFileReference; explicitFileType = wrapper.cfbundle; includeInIndex = 0; path = NetEastagramUITests.xctest; sourceTree = BUILT_PRODUCTS_DIR; };
		07BD12991E1682F300377C7A /* NetEastagramUITests.swift */ = {isa = PBXFileReference; lastKnownFileType = sourcecode.swift; path = NetEastagramUITests.swift; sourceTree = "<group>"; };
		07BD129B1E1682F300377C7A /* Info.plist */ = {isa = PBXFileReference; lastKnownFileType = text.plist.xml; path = Info.plist; sourceTree = "<group>"; };
		07C59FB01E178C2600A44F97 /* NetEastagram-Bridging-Header.h */ = {isa = PBXFileReference; lastKnownFileType = sourcecode.c.h; path = "NetEastagram-Bridging-Header.h"; sourceTree = "<group>"; };
		07C59FB11E178C2600A44F97 /* AppDelegate.swift */ = {isa = PBXFileReference; fileEncoding = 4; lastKnownFileType = sourcecode.swift; name = AppDelegate.swift; path = Main/AppDelegate.swift; sourceTree = "<group>"; };
		07C59FB21E178C2600A44F97 /* ViewController.swift */ = {isa = PBXFileReference; fileEncoding = 4; lastKnownFileType = sourcecode.swift; name = ViewController.swift; path = Main/ViewController.swift; sourceTree = "<group>"; };
		07E08E681E419875001DEC23 /* MainTabBarViewController.swift */ = {isa = PBXFileReference; fileEncoding = 4; lastKnownFileType = sourcecode.swift; name = MainTabBarViewController.swift; path = Main/MainTabBarViewController.swift; sourceTree = "<group>"; };
		07E472E01E5D912A003AB89A /* FeedBackViewController.swift */ = {isa = PBXFileReference; fileEncoding = 4; lastKnownFileType = sourcecode.swift; name = FeedBackViewController.swift; path = Business/User/Controller/FeedBackViewController.swift; sourceTree = "<group>"; };
		07E472E51E630542003AB89A /* ShootViewController.swift */ = {isa = PBXFileReference; fileEncoding = 4; lastKnownFileType = sourcecode.swift; name = ShootViewController.swift; path = Business/Shoot/Controller/ShootViewController.swift; sourceTree = "<group>"; };
		07E472E71E630567003AB89A /* ImageTopLabelBottomButton.swift */ = {isa = PBXFileReference; fileEncoding = 4; lastKnownFileType = sourcecode.swift; name = ImageTopLabelBottomButton.swift; path = Business/Shoot/View/ImageTopLabelBottomButton.swift; sourceTree = "<group>"; };
		07E472E91E63CEC0003AB89A /* EditViewController.swift */ = {isa = PBXFileReference; fileEncoding = 4; lastKnownFileType = sourcecode.swift; name = EditViewController.swift; path = Business/Shoot/Controller/EditViewController.swift; sourceTree = "<group>"; };
		07F4DD941E41A72A00B0C98D /* HomeViewController.swift */ = {isa = PBXFileReference; fileEncoding = 4; lastKnownFileType = sourcecode.swift; name = HomeViewController.swift; path = Business/Homepage/HomeViewController.swift; sourceTree = "<group>"; };
		07F4DD9C1E4423CC00B0C98D /* BaseViewController.swift */ = {isa = PBXFileReference; fileEncoding = 4; lastKnownFileType = sourcecode.swift; name = BaseViewController.swift; path = Main/BaseViewController.swift; sourceTree = "<group>"; };
		07F4DDA01E45C19B00B0C98D /* Constants.swift */ = {isa = PBXFileReference; fileEncoding = 4; lastKnownFileType = sourcecode.swift; name = Constants.swift; path = Common/Util/Constants.swift; sourceTree = "<group>"; };
		07F4DDA51E46E53C00B0C98D /* UserViewController.swift */ = {isa = PBXFileReference; fileEncoding = 4; lastKnownFileType = sourcecode.swift; name = UserViewController.swift; path = Business/User/Controller/UserViewController.swift; sourceTree = "<group>"; };
		07F4DDA71E46EC4400B0C98D /* UserHeaderView.swift */ = {isa = PBXFileReference; fileEncoding = 4; lastKnownFileType = sourcecode.swift; name = UserHeaderView.swift; path = Business/User/View/UserHeaderView.swift; sourceTree = "<group>"; };
		07F4DDAB1E47037500B0C98D /* Extension.swift */ = {isa = PBXFileReference; fileEncoding = 4; lastKnownFileType = sourcecode.swift; name = Extension.swift; path = Common/Util/Extension.swift; sourceTree = "<group>"; };
		07F4DDAF1E47118A00B0C98D /* UserTableViewCell.xib */ = {isa = PBXFileReference; fileEncoding = 4; lastKnownFileType = file.xib; name = UserTableViewCell.xib; path = Business/User/View/UserTableViewCell.xib; sourceTree = "<group>"; };
		07F4DDB11E4711FA00B0C98D /* UserTableViewCell.swift */ = {isa = PBXFileReference; fileEncoding = 4; lastKnownFileType = sourcecode.swift; name = UserTableViewCell.swift; path = Business/User/View/UserTableViewCell.swift; sourceTree = "<group>"; };
		5EF645304CAA0E6AA057DD23 /* Pods_NetEastagram.framework */ = {isa = PBXFileReference; explicitFileType = wrapper.framework; includeInIndex = 0; path = Pods_NetEastagram.framework; sourceTree = BUILT_PRODUCTS_DIR; };
		C3F4E4C5A8DAE23DB1B5BB52 /* Pods-NetEastagram.debug.xcconfig */ = {isa = PBXFileReference; includeInIndex = 1; lastKnownFileType = text.xcconfig; name = "Pods-NetEastagram.debug.xcconfig"; path = "Pods/Target Support Files/Pods-NetEastagram/Pods-NetEastagram.debug.xcconfig"; sourceTree = "<group>"; };
/* End PBXFileReference section */

/* Begin PBXFrameworksBuildPhase section */
		07BD12731E1682F300377C7A /* Frameworks */ = {
			isa = PBXFrameworksBuildPhase;
			buildActionMask = 2147483647;
			files = (
				DA8071CCBDEA29678B2471C4 /* Pods_NetEastagram.framework in Frameworks */,
			);
			runOnlyForDeploymentPostprocessing = 0;
		};
		07BD12871E1682F300377C7A /* Frameworks */ = {
			isa = PBXFrameworksBuildPhase;
			buildActionMask = 2147483647;
			files = (
			);
			runOnlyForDeploymentPostprocessing = 0;
		};
		07BD12921E1682F300377C7A /* Frameworks */ = {
			isa = PBXFrameworksBuildPhase;
			buildActionMask = 2147483647;
			files = (
			);
			runOnlyForDeploymentPostprocessing = 0;
		};
/* End PBXFrameworksBuildPhase section */

/* Begin PBXGroup section */
		071ED1FA1E64F665005ADE44 /* Controller */ = {
			isa = PBXGroup;
			children = (
				071ED2001E64F6F7005ADE44 /* SearchViewController.swift */,
			);
			name = Controller;
			sourceTree = "<group>";
		};
		071ED1FB1E64F678005ADE44 /* View */ = {
			isa = PBXGroup;
			children = (
			);
			name = View;
			sourceTree = "<group>";
		};
		071ED1FC1E64F67F005ADE44 /* Model */ = {
			isa = PBXGroup;
			children = (
			);
			name = Model;
			sourceTree = "<group>";
		};
		073C6FBF1E1766C200A5B56E /* Common */ = {
			isa = PBXGroup;
			children = (
				07C59FAB1E1789A100A44F97 /* Model */,
				07C59FAA1E17896700A44F97 /* Util */,
			);
			name = Common;
			sourceTree = "<group>";
		};
		07BD126D1E1682F300377C7A = {
			isa = PBXGroup;
			children = (
				07BD12781E1682F300377C7A /* NetEastagram */,
				07BD128D1E1682F300377C7A /* NetEastagramTests */,
				07BD12981E1682F300377C7A /* NetEastagramUITests */,
				07BD12771E1682F300377C7A /* Products */,
				DC3E44420F86A096073A7F8B /* Pods */,
				1707BCA2B0E953EA671C9B9F /* Frameworks */,
			);
			sourceTree = "<group>";
		};
		07BD12771E1682F300377C7A /* Products */ = {
			isa = PBXGroup;
			children = (
				07BD12761E1682F300377C7A /* NetEastagram.app */,
				07BD128A1E1682F300377C7A /* NetEastagramTests.xctest */,
				07BD12951E1682F300377C7A /* NetEastagramUITests.xctest */,
			);
			name = Products;
			sourceTree = "<group>";
		};
		07BD12781E1682F300377C7A /* NetEastagram */ = {
			isa = PBXGroup;
			children = (
				073C6FBF1E1766C200A5B56E /* Common */,
				07C59FA91E1788F500A44F97 /* Business */,
				07C59FA81E1788A700A44F97 /* Main */,
			);
			path = NetEastagram;
			sourceTree = "<group>";
		};
		07BD128D1E1682F300377C7A /* NetEastagramTests */ = {
			isa = PBXGroup;
			children = (
				07BD128E1E1682F300377C7A /* NetEastagramTests.swift */,
				07BD12901E1682F300377C7A /* Info.plist */,
			);
			path = NetEastagramTests;
			sourceTree = "<group>";
		};
		07BD12981E1682F300377C7A /* NetEastagramUITests */ = {
			isa = PBXGroup;
			children = (
				07BD12991E1682F300377C7A /* NetEastagramUITests.swift */,
				07BD129B1E1682F300377C7A /* Info.plist */,
			);
			path = NetEastagramUITests;
			sourceTree = "<group>";
		};
		07C59FA81E1788A700A44F97 /* Main */ = {
			isa = PBXGroup;
			children = (
				07C59FB11E178C2600A44F97 /* AppDelegate.swift */,
				07E08E681E419875001DEC23 /* MainTabBarViewController.swift */,
				07F4DD9C1E4423CC00B0C98D /* BaseViewController.swift */,
				07C59FB21E178C2600A44F97 /* ViewController.swift */,
				07BD127D1E1682F300377C7A /* Main.storyboard */,
				07BD12801E1682F300377C7A /* Assets.xcassets */,
				07BD12821E1682F300377C7A /* LaunchScreen.storyboard */,
				07BD12851E1682F300377C7A /* Info.plist */,
				07C59FB01E178C2600A44F97 /* NetEastagram-Bridging-Header.h */,
			);
			name = Main;
			sourceTree = "<group>";
		};
		07C59FA91E1788F500A44F97 /* Business */ = {
			isa = PBXGroup;
			children = (
				07C59FAC1E1789FD00A44F97 /* Homepage */,
				07C59FAD1E178A0B00A44F97 /* Search */,
				07C59FAE1E178A1E00A44F97 /* Shoot */,
				07C59FAF1E178A2500A44F97 /* User */,
			);
			name = Business;
			sourceTree = "<group>";
		};
		07C59FAA1E17896700A44F97 /* Util */ = {
			isa = PBXGroup;
			children = (
				07F4DDA01E45C19B00B0C98D /* Constants.swift */,
				07F4DDAB1E47037500B0C98D /* Extension.swift */,
			);
			name = Util;
			sourceTree = "<group>";
		};
		07C59FAB1E1789A100A44F97 /* Model */ = {
			isa = PBXGroup;
			children = (
			);
			name = Model;
			sourceTree = "<group>";
		};
		07C59FAC1E1789FD00A44F97 /* Homepage */ = {
			isa = PBXGroup;
			children = (
				07F4DD941E41A72A00B0C98D /* HomeViewController.swift */,
			);
			name = Homepage;
			sourceTree = "<group>";
		};
		07C59FAD1E178A0B00A44F97 /* Search */ = {
			isa = PBXGroup;
			children = (
				071ED1FC1E64F67F005ADE44 /* Model */,
				071ED1FB1E64F678005ADE44 /* View */,
				071ED1FA1E64F665005ADE44 /* Controller */,
			);
			name = Search;
			sourceTree = "<group>";
		};
		07C59FAE1E178A1E00A44F97 /* Shoot */ = {
			isa = PBXGroup;
			children = (
				07E472E41E5FF5B2003AB89A /* Model */,
				07E472E31E5FF5AB003AB89A /* View */,
				07E472E21E5FF59F003AB89A /* Controller */,
			);
			name = Shoot;
			sourceTree = "<group>";
		};
		07C59FAF1E178A2500A44F97 /* User */ = {
			isa = PBXGroup;
			children = (
				07F4DDA41E46E4CF00B0C98D /* Model */,
				07F4DDA31E46E4C800B0C98D /* View */,
				07F4DDA21E46E4BA00B0C98D /* Controller */,
			);
			name = User;
			sourceTree = "<group>";
		};
		07E472E21E5FF59F003AB89A /* Controller */ = {
			isa = PBXGroup;
			children = (
				07E472E51E630542003AB89A /* ShootViewController.swift */,
				07E472E91E63CEC0003AB89A /* EditViewController.swift */,
			);
			name = Controller;
			sourceTree = "<group>";
		};
		07E472E31E5FF5AB003AB89A /* View */ = {
			isa = PBXGroup;
			children = (
				07E472E71E630567003AB89A /* ImageTopLabelBottomButton.swift */,
				071ED1F81E63FA4B005ADE44 /* EditInfoView.swift */,
			);
			name = View;
			sourceTree = "<group>";
		};
		07E472E41E5FF5B2003AB89A /* Model */ = {
			isa = PBXGroup;
			children = (
			);
			name = Model;
			sourceTree = "<group>";
		};
		07F4DDA21E46E4BA00B0C98D /* Controller */ = {
			isa = PBXGroup;
			children = (
				07F4DDA51E46E53C00B0C98D /* UserViewController.swift */,
				0735A3C81E489045006CB4C4 /* SettingViewController.swift */,
				07E472E01E5D912A003AB89A /* FeedBackViewController.swift */,
			);
			name = Controller;
			sourceTree = "<group>";
		};
		07F4DDA31E46E4C800B0C98D /* View */ = {
			isa = PBXGroup;
			children = (
				07F4DDA71E46EC4400B0C98D /* UserHeaderView.swift */,
				07F4DDAF1E47118A00B0C98D /* UserTableViewCell.xib */,
				07F4DDB11E4711FA00B0C98D /* UserTableViewCell.swift */,
				0735A3CA1E489CA3006CB4C4 /* SettingSectionView.swift */,
			);
			name = View;
			sourceTree = "<group>";
		};
		07F4DDA41E46E4CF00B0C98D /* Model */ = {
			isa = PBXGroup;
			children = (
			);
			name = Model;
			sourceTree = "<group>";
		};
		1707BCA2B0E953EA671C9B9F /* Frameworks */ = {
			isa = PBXGroup;
			children = (
				5EF645304CAA0E6AA057DD23 /* Pods_NetEastagram.framework */,
			);
			name = Frameworks;
			sourceTree = "<group>";
		};
		DC3E44420F86A096073A7F8B /* Pods */ = {
			isa = PBXGroup;
			children = (
				C3F4E4C5A8DAE23DB1B5BB52 /* Pods-NetEastagram.debug.xcconfig */,
				02236EC5D20EE72992486D84 /* Pods-NetEastagram.release.xcconfig */,
			);
			name = Pods;
			sourceTree = "<group>";
		};
/* End PBXGroup section */

/* Begin PBXNativeTarget section */
		07BD12751E1682F300377C7A /* NetEastagram */ = {
			isa = PBXNativeTarget;
			buildConfigurationList = 07BD129E1E1682F300377C7A /* Build configuration list for PBXNativeTarget "NetEastagram" */;
			buildPhases = (
				4DF51A986E18640D5C666511 /* [CP] Check Pods Manifest.lock */,
				07BD12721E1682F300377C7A /* Sources */,
				07BD12731E1682F300377C7A /* Frameworks */,
				07BD12741E1682F300377C7A /* Resources */,
				98046322E18843ABCDFBE61B /* [CP] Embed Pods Frameworks */,
				FA9659664179AC6A2A0B972F /* [CP] Copy Pods Resources */,
			);
			buildRules = (
			);
			dependencies = (
			);
			name = NetEastagram;
			productName = NetEastagram;
			productReference = 07BD12761E1682F300377C7A /* NetEastagram.app */;
			productType = "com.apple.product-type.application";
		};
		07BD12891E1682F300377C7A /* NetEastagramTests */ = {
			isa = PBXNativeTarget;
			buildConfigurationList = 07BD12A11E1682F300377C7A /* Build configuration list for PBXNativeTarget "NetEastagramTests" */;
			buildPhases = (
				07BD12861E1682F300377C7A /* Sources */,
				07BD12871E1682F300377C7A /* Frameworks */,
				07BD12881E1682F300377C7A /* Resources */,
			);
			buildRules = (
			);
			dependencies = (
				07BD128C1E1682F300377C7A /* PBXTargetDependency */,
			);
			name = NetEastagramTests;
			productName = NetEastagramTests;
			productReference = 07BD128A1E1682F300377C7A /* NetEastagramTests.xctest */;
			productType = "com.apple.product-type.bundle.unit-test";
		};
		07BD12941E1682F300377C7A /* NetEastagramUITests */ = {
			isa = PBXNativeTarget;
			buildConfigurationList = 07BD12A41E1682F300377C7A /* Build configuration list for PBXNativeTarget "NetEastagramUITests" */;
			buildPhases = (
				07BD12911E1682F300377C7A /* Sources */,
				07BD12921E1682F300377C7A /* Frameworks */,
				07BD12931E1682F300377C7A /* Resources */,
			);
			buildRules = (
			);
			dependencies = (
				07BD12971E1682F300377C7A /* PBXTargetDependency */,
			);
			name = NetEastagramUITests;
			productName = NetEastagramUITests;
			productReference = 07BD12951E1682F300377C7A /* NetEastagramUITests.xctest */;
			productType = "com.apple.product-type.bundle.ui-testing";
		};
/* End PBXNativeTarget section */

/* Begin PBXProject section */
		07BD126E1E1682F300377C7A /* Project object */ = {
			isa = PBXProject;
			attributes = {
				LastSwiftUpdateCheck = 0820;
				LastUpgradeCheck = 0820;
				ORGANIZATIONNAME = JianfengZhu;
				TargetAttributes = {
					07BD12751E1682F300377C7A = {
						CreatedOnToolsVersion = 8.2.1;
						DevelopmentTeam = VF4GVDALJ8;
						LastSwiftMigration = 0820;
						ProvisioningStyle = Automatic;
					};
					07BD12891E1682F300377C7A = {
						CreatedOnToolsVersion = 8.2.1;
						DevelopmentTeam = VF4GVDALJ8;
						ProvisioningStyle = Automatic;
						TestTargetID = 07BD12751E1682F300377C7A;
					};
					07BD12941E1682F300377C7A = {
						CreatedOnToolsVersion = 8.2.1;
						DevelopmentTeam = VF4GVDALJ8;
						ProvisioningStyle = Automatic;
						TestTargetID = 07BD12751E1682F300377C7A;
					};
				};
			};
			buildConfigurationList = 07BD12711E1682F300377C7A /* Build configuration list for PBXProject "NetEastagram" */;
			compatibilityVersion = "Xcode 3.2";
			developmentRegion = English;
			hasScannedForEncodings = 0;
			knownRegions = (
				en,
				Base,
			);
			mainGroup = 07BD126D1E1682F300377C7A;
			productRefGroup = 07BD12771E1682F300377C7A /* Products */;
			projectDirPath = "";
			projectRoot = "";
			targets = (
				07BD12751E1682F300377C7A /* NetEastagram */,
				07BD12891E1682F300377C7A /* NetEastagramTests */,
				07BD12941E1682F300377C7A /* NetEastagramUITests */,
			);
		};
/* End PBXProject section */

/* Begin PBXResourcesBuildPhase section */
		07BD12741E1682F300377C7A /* Resources */ = {
			isa = PBXResourcesBuildPhase;
			buildActionMask = 2147483647;
			files = (
				07F4DDB01E47118A00B0C98D /* UserTableViewCell.xib in Resources */,
				07BD12841E1682F300377C7A /* LaunchScreen.storyboard in Resources */,
				07BD12811E1682F300377C7A /* Assets.xcassets in Resources */,
				07BD127F1E1682F300377C7A /* Main.storyboard in Resources */,
			);
			runOnlyForDeploymentPostprocessing = 0;
		};
		07BD12881E1682F300377C7A /* Resources */ = {
			isa = PBXResourcesBuildPhase;
			buildActionMask = 2147483647;
			files = (
			);
			runOnlyForDeploymentPostprocessing = 0;
		};
		07BD12931E1682F300377C7A /* Resources */ = {
			isa = PBXResourcesBuildPhase;
			buildActionMask = 2147483647;
			files = (
			);
			runOnlyForDeploymentPostprocessing = 0;
		};
/* End PBXResourcesBuildPhase section */

/* Begin PBXShellScriptBuildPhase section */
		4DF51A986E18640D5C666511 /* [CP] Check Pods Manifest.lock */ = {
			isa = PBXShellScriptBuildPhase;
			buildActionMask = 2147483647;
			files = (
			);
			inputPaths = (
			);
			name = "[CP] Check Pods Manifest.lock";
			outputPaths = (
			);
			runOnlyForDeploymentPostprocessing = 0;
			shellPath = /bin/sh;
			shellScript = "diff \"${PODS_ROOT}/../Podfile.lock\" \"${PODS_ROOT}/Manifest.lock\" > /dev/null\nif [ $? != 0 ] ; then\n    # print error to STDERR\n    echo \"error: The sandbox is not in sync with the Podfile.lock. Run 'pod install' or update your CocoaPods installation.\" >&2\n    exit 1\nfi\n";
			showEnvVarsInLog = 0;
		};
		98046322E18843ABCDFBE61B /* [CP] Embed Pods Frameworks */ = {
			isa = PBXShellScriptBuildPhase;
			buildActionMask = 2147483647;
			files = (
			);
			inputPaths = (
			);
			name = "[CP] Embed Pods Frameworks";
			outputPaths = (
			);
			runOnlyForDeploymentPostprocessing = 0;
			shellPath = /bin/sh;
			shellScript = "\"${SRCROOT}/Pods/Target Support Files/Pods-NetEastagram/Pods-NetEastagram-frameworks.sh\"\n";
			showEnvVarsInLog = 0;
		};
		FA9659664179AC6A2A0B972F /* [CP] Copy Pods Resources */ = {
			isa = PBXShellScriptBuildPhase;
			buildActionMask = 2147483647;
			files = (
			);
			inputPaths = (
			);
			name = "[CP] Copy Pods Resources";
			outputPaths = (
			);
			runOnlyForDeploymentPostprocessing = 0;
			shellPath = /bin/sh;
			shellScript = "\"${SRCROOT}/Pods/Target Support Files/Pods-NetEastagram/Pods-NetEastagram-resources.sh\"\n";
			showEnvVarsInLog = 0;
		};
/* End PBXShellScriptBuildPhase section */

/* Begin PBXSourcesBuildPhase section */
		07BD12721E1682F300377C7A /* Sources */ = {
			isa = PBXSourcesBuildPhase;
			buildActionMask = 2147483647;
			files = (
				07E472E81E630567003AB89A /* ImageTopLabelBottomButton.swift in Sources */,
				071ED1F91E63FA4B005ADE44 /* EditInfoView.swift in Sources */,
				07F4DDA61E46E53C00B0C98D /* UserViewController.swift in Sources */,
				07F4DDA81E46EC4400B0C98D /* UserHeaderView.swift in Sources */,
				0735A3C91E489045006CB4C4 /* SettingViewController.swift in Sources */,
				07E08E691E419875001DEC23 /* MainTabBarViewController.swift in Sources */,
				07F4DDB21E4711FA00B0C98D /* UserTableViewCell.swift in Sources */,
				07E472EA1E63CEC0003AB89A /* EditViewController.swift in Sources */,
				07E472E11E5D912A003AB89A /* FeedBackViewController.swift in Sources */,
				07C59FB41E178C2600A44F97 /* ViewController.swift in Sources */,
				07F4DD9D1E4423CC00B0C98D /* BaseViewController.swift in Sources */,
				07F4DDAC1E47037500B0C98D /* Extension.swift in Sources */,
				071ED2011E64F6F7005ADE44 /* SearchViewController.swift in Sources */,
				07C59FB31E178C2600A44F97 /* AppDelegate.swift in Sources */,
				07E472E61E630542003AB89A /* ShootViewController.swift in Sources */,
				07F4DD951E41A72A00B0C98D /* HomeViewController.swift in Sources */,
				0735A3CB1E489CA3006CB4C4 /* SettingSectionView.swift in Sources */,
				07F4DDA11E45C19B00B0C98D /* Constants.swift in Sources */,
			);
			runOnlyForDeploymentPostprocessing = 0;
		};
		07BD12861E1682F300377C7A /* Sources */ = {
			isa = PBXSourcesBuildPhase;
			buildActionMask = 2147483647;
			files = (
				07BD128F1E1682F300377C7A /* NetEastagramTests.swift in Sources */,
			);
			runOnlyForDeploymentPostprocessing = 0;
		};
		07BD12911E1682F300377C7A /* Sources */ = {
			isa = PBXSourcesBuildPhase;
			buildActionMask = 2147483647;
			files = (
				07BD129A1E1682F300377C7A /* NetEastagramUITests.swift in Sources */,
			);
			runOnlyForDeploymentPostprocessing = 0;
		};
/* End PBXSourcesBuildPhase section */

/* Begin PBXTargetDependency section */
		07BD128C1E1682F300377C7A /* PBXTargetDependency */ = {
			isa = PBXTargetDependency;
			target = 07BD12751E1682F300377C7A /* NetEastagram */;
			targetProxy = 07BD128B1E1682F300377C7A /* PBXContainerItemProxy */;
		};
		07BD12971E1682F300377C7A /* PBXTargetDependency */ = {
			isa = PBXTargetDependency;
			target = 07BD12751E1682F300377C7A /* NetEastagram */;
			targetProxy = 07BD12961E1682F300377C7A /* PBXContainerItemProxy */;
		};
/* End PBXTargetDependency section */

/* Begin PBXVariantGroup section */
		07BD127D1E1682F300377C7A /* Main.storyboard */ = {
			isa = PBXVariantGroup;
			children = (
				07BD127E1E1682F300377C7A /* Base */,
			);
			name = Main.storyboard;
			sourceTree = "<group>";
		};
		07BD12821E1682F300377C7A /* LaunchScreen.storyboard */ = {
			isa = PBXVariantGroup;
			children = (
				07BD12831E1682F300377C7A /* Base */,
			);
			name = LaunchScreen.storyboard;
			sourceTree = "<group>";
		};
/* End PBXVariantGroup section */

/* Begin XCBuildConfiguration section */
		07BD129C1E1682F300377C7A /* Debug */ = {
			isa = XCBuildConfiguration;
			buildSettings = {
				ALWAYS_SEARCH_USER_PATHS = NO;
				CLANG_ANALYZER_NONNULL = YES;
				CLANG_CXX_LANGUAGE_STANDARD = "gnu++0x";
				CLANG_CXX_LIBRARY = "libc++";
				CLANG_ENABLE_MODULES = YES;
				CLANG_ENABLE_OBJC_ARC = YES;
				CLANG_WARN_BOOL_CONVERSION = YES;
				CLANG_WARN_CONSTANT_CONVERSION = YES;
				CLANG_WARN_DIRECT_OBJC_ISA_USAGE = YES_ERROR;
				CLANG_WARN_DOCUMENTATION_COMMENTS = YES;
				CLANG_WARN_EMPTY_BODY = YES;
				CLANG_WARN_ENUM_CONVERSION = YES;
				CLANG_WARN_INFINITE_RECURSION = YES;
				CLANG_WARN_INT_CONVERSION = YES;
				CLANG_WARN_OBJC_ROOT_CLASS = YES_ERROR;
				CLANG_WARN_SUSPICIOUS_MOVE = YES;
				CLANG_WARN_UNREACHABLE_CODE = YES;
				CLANG_WARN__DUPLICATE_METHOD_MATCH = YES;
				"CODE_SIGN_IDENTITY[sdk=iphoneos*]" = "iPhone Developer";
				COPY_PHASE_STRIP = NO;
				DEBUG_INFORMATION_FORMAT = dwarf;
				ENABLE_STRICT_OBJC_MSGSEND = YES;
				ENABLE_TESTABILITY = YES;
				GCC_C_LANGUAGE_STANDARD = gnu99;
				GCC_DYNAMIC_NO_PIC = NO;
				GCC_NO_COMMON_BLOCKS = YES;
				GCC_OPTIMIZATION_LEVEL = 0;
				GCC_PREPROCESSOR_DEFINITIONS = (
					"DEBUG=1",
					"$(inherited)",
				);
				GCC_WARN_64_TO_32_BIT_CONVERSION = YES;
				GCC_WARN_ABOUT_RETURN_TYPE = YES_ERROR;
				GCC_WARN_UNDECLARED_SELECTOR = YES;
				GCC_WARN_UNINITIALIZED_AUTOS = YES_AGGRESSIVE;
				GCC_WARN_UNUSED_FUNCTION = YES;
				GCC_WARN_UNUSED_VARIABLE = YES;
				IPHONEOS_DEPLOYMENT_TARGET = 8.0;
				MTL_ENABLE_DEBUG_INFO = YES;
				ONLY_ACTIVE_ARCH = YES;
				SDKROOT = iphoneos;
				SWIFT_ACTIVE_COMPILATION_CONDITIONS = DEBUG;
				SWIFT_OPTIMIZATION_LEVEL = "-Onone";
				SWIFT_VERSION = "";
			};
			name = Debug;
		};
		07BD129D1E1682F300377C7A /* Release */ = {
			isa = XCBuildConfiguration;
			buildSettings = {
				ALWAYS_SEARCH_USER_PATHS = NO;
				CLANG_ANALYZER_NONNULL = YES;
				CLANG_CXX_LANGUAGE_STANDARD = "gnu++0x";
				CLANG_CXX_LIBRARY = "libc++";
				CLANG_ENABLE_MODULES = YES;
				CLANG_ENABLE_OBJC_ARC = YES;
				CLANG_WARN_BOOL_CONVERSION = YES;
				CLANG_WARN_CONSTANT_CONVERSION = YES;
				CLANG_WARN_DIRECT_OBJC_ISA_USAGE = YES_ERROR;
				CLANG_WARN_DOCUMENTATION_COMMENTS = YES;
				CLANG_WARN_EMPTY_BODY = YES;
				CLANG_WARN_ENUM_CONVERSION = YES;
				CLANG_WARN_INFINITE_RECURSION = YES;
				CLANG_WARN_INT_CONVERSION = YES;
				CLANG_WARN_OBJC_ROOT_CLASS = YES_ERROR;
				CLANG_WARN_SUSPICIOUS_MOVE = YES;
				CLANG_WARN_UNREACHABLE_CODE = YES;
				CLANG_WARN__DUPLICATE_METHOD_MATCH = YES;
				"CODE_SIGN_IDENTITY[sdk=iphoneos*]" = "iPhone Developer";
				COPY_PHASE_STRIP = NO;
				DEBUG_INFORMATION_FORMAT = "dwarf-with-dsym";
				ENABLE_NS_ASSERTIONS = NO;
				ENABLE_STRICT_OBJC_MSGSEND = YES;
				GCC_C_LANGUAGE_STANDARD = gnu99;
				GCC_NO_COMMON_BLOCKS = YES;
				GCC_WARN_64_TO_32_BIT_CONVERSION = YES;
				GCC_WARN_ABOUT_RETURN_TYPE = YES_ERROR;
				GCC_WARN_UNDECLARED_SELECTOR = YES;
				GCC_WARN_UNINITIALIZED_AUTOS = YES_AGGRESSIVE;
				GCC_WARN_UNUSED_FUNCTION = YES;
				GCC_WARN_UNUSED_VARIABLE = YES;
				IPHONEOS_DEPLOYMENT_TARGET = 8.0;
				MTL_ENABLE_DEBUG_INFO = NO;
				SDKROOT = iphoneos;
				SWIFT_OPTIMIZATION_LEVEL = "-Owholemodule";
				SWIFT_VERSION = "";
				VALIDATE_PRODUCT = YES;
			};
			name = Release;
		};
		07BD129F1E1682F300377C7A /* Debug */ = {
			isa = XCBuildConfiguration;
			baseConfigurationReference = C3F4E4C5A8DAE23DB1B5BB52 /* Pods-NetEastagram.debug.xcconfig */;
			buildSettings = {
				ASSETCATALOG_COMPILER_APPICON_NAME = AppIcon;
				CLANG_ENABLE_MODULES = YES;
				DEVELOPMENT_TEAM = VF4GVDALJ8;
				INFOPLIST_FILE = NetEastagram/Info.plist;
				LD_RUNPATH_SEARCH_PATHS = "$(inherited) @executable_path/Frameworks";
				PRODUCT_BUNDLE_IDENTIFIER = com.arronzhu.NetEastagram;
				PRODUCT_NAME = "$(TARGET_NAME)";
				SWIFT_OBJC_BRIDGING_HEADER = "NetEastagram/NetEastagram-Bridging-Header.h";
				SWIFT_OPTIMIZATION_LEVEL = "-Onone";
				SWIFT_VERSION = 3.0;
			};
			name = Debug;
		};
		07BD12A01E1682F300377C7A /* Release */ = {
			isa = XCBuildConfiguration;
			baseConfigurationReference = 02236EC5D20EE72992486D84 /* Pods-NetEastagram.release.xcconfig */;
			buildSettings = {
				ASSETCATALOG_COMPILER_APPICON_NAME = AppIcon;
				CLANG_ENABLE_MODULES = YES;
				DEVELOPMENT_TEAM = VF4GVDALJ8;
				INFOPLIST_FILE = NetEastagram/Info.plist;
				LD_RUNPATH_SEARCH_PATHS = "$(inherited) @executable_path/Frameworks";
				PRODUCT_BUNDLE_IDENTIFIER = com.arronzhu.NetEastagram;
				PRODUCT_NAME = "$(TARGET_NAME)";
				SWIFT_OBJC_BRIDGING_HEADER = "NetEastagram/NetEastagram-Bridging-Header.h";
				SWIFT_VERSION = 3.0;
			};
			name = Release;
		};
		07BD12A21E1682F300377C7A /* Debug */ = {
			isa = XCBuildConfiguration;
			buildSettings = {
				ALWAYS_EMBED_SWIFT_STANDARD_LIBRARIES = YES;
				BUNDLE_LOADER = "$(TEST_HOST)";
				DEVELOPMENT_TEAM = VF4GVDALJ8;
				INFOPLIST_FILE = NetEastagramTests/Info.plist;
				LD_RUNPATH_SEARCH_PATHS = "$(inherited) @executable_path/Frameworks @loader_path/Frameworks";
				PRODUCT_BUNDLE_IDENTIFIER = com.arronzhu.NetEastagramTests;
				PRODUCT_NAME = "$(TARGET_NAME)";
				SWIFT_VERSION = 3.0;
				TEST_HOST = "$(BUILT_PRODUCTS_DIR)/NetEastagram.app/NetEastagram";
			};
			name = Debug;
		};
		07BD12A31E1682F300377C7A /* Release */ = {
			isa = XCBuildConfiguration;
			buildSettings = {
				ALWAYS_EMBED_SWIFT_STANDARD_LIBRARIES = YES;
				BUNDLE_LOADER = "$(TEST_HOST)";
				DEVELOPMENT_TEAM = VF4GVDALJ8;
				INFOPLIST_FILE = NetEastagramTests/Info.plist;
				LD_RUNPATH_SEARCH_PATHS = "$(inherited) @executable_path/Frameworks @loader_path/Frameworks";
				PRODUCT_BUNDLE_IDENTIFIER = com.arronzhu.NetEastagramTests;
				PRODUCT_NAME = "$(TARGET_NAME)";
				SWIFT_VERSION = 3.0;
				TEST_HOST = "$(BUILT_PRODUCTS_DIR)/NetEastagram.app/NetEastagram";
			};
			name = Release;
		};
		07BD12A51E1682F300377C7A /* Debug */ = {
			isa = XCBuildConfiguration;
			buildSettings = {
				ALWAYS_EMBED_SWIFT_STANDARD_LIBRARIES = YES;
				DEVELOPMENT_TEAM = VF4GVDALJ8;
				INFOPLIST_FILE = NetEastagramUITests/Info.plist;
				LD_RUNPATH_SEARCH_PATHS = "$(inherited) @executable_path/Frameworks @loader_path/Frameworks";
				PRODUCT_BUNDLE_IDENTIFIER = com.arronzhu.NetEastagramUITests;
				PRODUCT_NAME = "$(TARGET_NAME)";
				SWIFT_VERSION = 3.0;
				TEST_TARGET_NAME = NetEastagram;
			};
			name = Debug;
		};
		07BD12A61E1682F300377C7A /* Release */ = {
			isa = XCBuildConfiguration;
			buildSettings = {
				ALWAYS_EMBED_SWIFT_STANDARD_LIBRARIES = YES;
				DEVELOPMENT_TEAM = VF4GVDALJ8;
				INFOPLIST_FILE = NetEastagramUITests/Info.plist;
				LD_RUNPATH_SEARCH_PATHS = "$(inherited) @executable_path/Frameworks @loader_path/Frameworks";
				PRODUCT_BUNDLE_IDENTIFIER = com.arronzhu.NetEastagramUITests;
				PRODUCT_NAME = "$(TARGET_NAME)";
				SWIFT_VERSION = 3.0;
				TEST_TARGET_NAME = NetEastagram;
			};
			name = Release;
		};
/* End XCBuildConfiguration section */

/* Begin XCConfigurationList section */
		07BD12711E1682F300377C7A /* Build configuration list for PBXProject "NetEastagram" */ = {
			isa = XCConfigurationList;
			buildConfigurations = (
				07BD129C1E1682F300377C7A /* Debug */,
				07BD129D1E1682F300377C7A /* Release */,
			);
			defaultConfigurationIsVisible = 0;
			defaultConfigurationName = Release;
		};
		07BD129E1E1682F300377C7A /* Build configuration list for PBXNativeTarget "NetEastagram" */ = {
			isa = XCConfigurationList;
			buildConfigurations = (
				07BD129F1E1682F300377C7A /* Debug */,
				07BD12A01E1682F300377C7A /* Release */,
			);
			defaultConfigurationIsVisible = 0;
			defaultConfigurationName = Release;
		};
		07BD12A11E1682F300377C7A /* Build configuration list for PBXNativeTarget "NetEastagramTests" */ = {
			isa = XCConfigurationList;
			buildConfigurations = (
				07BD12A21E1682F300377C7A /* Debug */,
				07BD12A31E1682F300377C7A /* Release */,
			);
			defaultConfigurationIsVisible = 0;
			defaultConfigurationName = Release;
		};
		07BD12A41E1682F300377C7A /* Build configuration list for PBXNativeTarget "NetEastagramUITests" */ = {
			isa = XCConfigurationList;
			buildConfigurations = (
				07BD12A51E1682F300377C7A /* Debug */,
				07BD12A61E1682F300377C7A /* Release */,
			);
			defaultConfigurationIsVisible = 0;
			defaultConfigurationName = Release;
		};
/* End XCConfigurationList section */
	};
	rootObject = 07BD126E1E1682F300377C7A /* Project object */;
}
